
Microsoft Visual Studio Solution File, Format Version 12.00
# Visual Studio Version 17
VisualStudioVersion = 17.5.002.0
MinimumVisualStudioVersion = 10.0.40219.1
Project("{9A19103F-16F7-4668-BE54-9A1E7A4F7556}") = "LoremIpsum", "LoremIpsum.csproj", "{5FAD5449-7E10-4D29-B4CF-C6B9B733E7E4}"
EndProject
Global
	GlobalSection(SolutionConfigurationPlatforms) = preSolution
		Debug|Any CPU = Debug|Any CPU
		Release|Any CPU = Release|Any CPU
	EndGlobalSection
	GlobalSection(ProjectConfigurationPlatforms) = postSolution
		{5FAD5449-7E10-4D29-B4CF-C6B9B733E7E4}.Debug|Any CPU.ActiveCfg = Debug|Any CPU
		{5FAD5449-7E10-4D29-B4CF-C6B9B733E7E4}.Debug|Any CPU.Build.0 = Debug|Any CPU
		{5FAD5449-7E10-4D29-B4CF-C6B9B733E7E4}.Release|Any CPU.ActiveCfg = Release|Any CPU
		{5FAD5449-7E10-4D29-B4CF-C6B9B733E7E4}.Release|Any CPU.Build.0 = Release|Any CPU
	EndGlobalSection
	GlobalSection(SolutionProperties) = preSolution
		HideSolutionNode = FALSE
	EndGlobalSection
	GlobalSection(ExtensibilityGlobals) = postSolution
		SolutionGuid = {42ED8B4F-0B24-420F-BDB1-997ADB37D461}
	EndGlobalSection
EndGlobal
